
Microsoft Visual Studio Solution File, Format Version 12.00
# Visual Studio 2012
VisualStudioVersion = 14.0.23107.0
MinimumVisualStudioVersion = 10.0.40219.1
Project("{FAE04EC0-301F-11D3-BF4B-00C04F79EFBC}") = "AgentLibrary", "AgentLibrary\AgentLibrary.csproj", "{0124CAC4-A805-459B-8434-27257B0F1E6E}"
EndProject
Project("{FAE04EC0-301F-11D3-BF4B-00C04F79EFBC}") = "MusaTestProject", "AgentTest\MusaTestProject.csproj", "{FEDB7C88-DAC3-43CA-B798-5D7533952408}"
EndProject
Project("{FAE04EC0-301F-11D3-BF4B-00C04F79EFBC}") = "FormulaLibrary", "FormulaLibrary\FormulaLibrary.csproj", "{2A2DD9B6-50F6-4D87-AF2E-B422E31A999C}"
EndProject
Project("{FAE04EC0-301F-11D3-BF4B-00C04F79EFBC}") = "MusaLogger", "MusaLogger\MusaLogger.csproj", "{5CF5FB93-94DC-4A88-BCB1-95F2AD757F01}"
EndProject
Project("{FAE04EC0-301F-11D3-BF4B-00C04F79EFBC}") = "AgentLibraryTestProject", "AgentLibraryTestProject\AgentLibraryTestProject.csproj", "{C56594B3-805A-4BA7-A18A-96C4B39BC0DA}"
EndProject
Project("{FAE04EC0-301F-11D3-BF4B-00C04F79EFBC}") = "FormulaLibraryTestProject", "FormulaLibraryTestProject\FormulaLibraryTestProject.csproj", "{38CD6D45-FDA6-41E5-86F4-1246E7630F7D}"
EndProject
Project("{FAE04EC0-301F-11D3-BF4B-00C04F79EFBC}") = "PlanLibrary", "PlanLibrary\PlanLibrary.csproj", "{5EB4BE6E-6C14-43D5-9F98-86E635F74C78}"
EndProject
Project("{FAE04EC0-301F-11D3-BF4B-00C04F79EFBC}") = "MusaConfiguration", "MusaConfiguration\MusaConfiguration.csproj", "{E05E465D-3BBD-4708-B00E-8001089DE01B}"
EndProject
Project("{FAE04EC0-301F-11D3-BF4B-00C04F79EFBC}") = "MusaWCFLogger", "MusaWCFLogger\MusaWCFLogger.csproj", "{ECB83DD7-A309-47E2-B399-AFE88079DAB2}"
EndProject
Project("{FAE04EC0-301F-11D3-BF4B-00C04F79EFBC}") = "PlanLibraryExample", "PlanLibraryExample\PlanLibraryExample.csproj", "{659ED335-C3DD-438B-ADE1-973083CC5C4F}"
EndProject
Project("{FAE04EC0-301F-11D3-BF4B-00C04F79EFBC}") = "MusaCommon", "MusaCommon\MusaCommon.csproj", "{3B8C5698-817C-4C05-87BF-2340C699CC1F}"
EndProject
Project("{FAE04EC0-301F-11D3-BF4B-00C04F79EFBC}") = "MusaInitializer", "MusaInitializer\MusaInitializer.csproj", "{CCAE3DAD-3075-451C-8BCE-B50F3A1B6128}"
EndProject
Global
	GlobalSection(SolutionConfigurationPlatforms) = preSolution
		Debug|Any CPU = Debug|Any CPU
		Release|Any CPU = Release|Any CPU
	EndGlobalSection
	GlobalSection(ProjectConfigurationPlatforms) = postSolution
		{0124CAC4-A805-459B-8434-27257B0F1E6E}.Debug|Any CPU.ActiveCfg = Debug|Any CPU
		{0124CAC4-A805-459B-8434-27257B0F1E6E}.Debug|Any CPU.Build.0 = Debug|Any CPU
		{0124CAC4-A805-459B-8434-27257B0F1E6E}.Release|Any CPU.ActiveCfg = Release|Any CPU
		{0124CAC4-A805-459B-8434-27257B0F1E6E}.Release|Any CPU.Build.0 = Release|Any CPU
		{2A2DD9B6-50F6-4D87-AF2E-B422E31A999C}.Debug|Any CPU.ActiveCfg = Debug|Any CPU
		{2A2DD9B6-50F6-4D87-AF2E-B422E31A999C}.Debug|Any CPU.Build.0 = Debug|Any CPU
		{2A2DD9B6-50F6-4D87-AF2E-B422E31A999C}.Release|Any CPU.ActiveCfg = Release|Any CPU
		{2A2DD9B6-50F6-4D87-AF2E-B422E31A999C}.Release|Any CPU.Build.0 = Release|Any CPU
		{38CD6D45-FDA6-41E5-86F4-1246E7630F7D}.Debug|Any CPU.ActiveCfg = Debug|Any CPU
		{38CD6D45-FDA6-41E5-86F4-1246E7630F7D}.Debug|Any CPU.Build.0 = Debug|Any CPU
		{38CD6D45-FDA6-41E5-86F4-1246E7630F7D}.Release|Any CPU.ActiveCfg = Release|Any CPU
		{38CD6D45-FDA6-41E5-86F4-1246E7630F7D}.Release|Any CPU.Build.0 = Release|Any CPU
		{3B8C5698-817C-4C05-87BF-2340C699CC1F}.Debug|Any CPU.ActiveCfg = Debug|Any CPU
		{3B8C5698-817C-4C05-87BF-2340C699CC1F}.Debug|Any CPU.Build.0 = Debug|Any CPU
		{3B8C5698-817C-4C05-87BF-2340C699CC1F}.Release|Any CPU.ActiveCfg = Release|Any CPU
		{3B8C5698-817C-4C05-87BF-2340C699CC1F}.Release|Any CPU.Build.0 = Release|Any CPU
		{5CF5FB93-94DC-4A88-BCB1-95F2AD757F01}.Debug|Any CPU.ActiveCfg = Debug|Any CPU
		{5CF5FB93-94DC-4A88-BCB1-95F2AD757F01}.Debug|Any CPU.Build.0 = Debug|Any CPU
		{5CF5FB93-94DC-4A88-BCB1-95F2AD757F01}.Release|Any CPU.ActiveCfg = Release|Any CPU
		{5CF5FB93-94DC-4A88-BCB1-95F2AD757F01}.Release|Any CPU.Build.0 = Release|Any CPU
		{5EB4BE6E-6C14-43D5-9F98-86E635F74C78}.Debug|Any CPU.ActiveCfg = Debug|Any CPU
		{5EB4BE6E-6C14-43D5-9F98-86E635F74C78}.Debug|Any CPU.Build.0 = Debug|Any CPU
		{5EB4BE6E-6C14-43D5-9F98-86E635F74C78}.Release|Any CPU.ActiveCfg = Release|Any CPU
		{5EB4BE6E-6C14-43D5-9F98-86E635F74C78}.Release|Any CPU.Build.0 = Release|Any CPU
		{659ED335-C3DD-438B-ADE1-973083CC5C4F}.Debug|Any CPU.ActiveCfg = Debug|Any CPU
		{659ED335-C3DD-438B-ADE1-973083CC5C4F}.Debug|Any CPU.Build.0 = Debug|Any CPU
		{659ED335-C3DD-438B-ADE1-973083CC5C4F}.Release|Any CPU.ActiveCfg = Release|Any CPU
		{659ED335-C3DD-438B-ADE1-973083CC5C4F}.Release|Any CPU.Build.0 = Release|Any CPU
		{C56594B3-805A-4BA7-A18A-96C4B39BC0DA}.Debug|Any CPU.ActiveCfg = Debug|Any CPU
		{C56594B3-805A-4BA7-A18A-96C4B39BC0DA}.Debug|Any CPU.Build.0 = Debug|Any CPU
		{C56594B3-805A-4BA7-A18A-96C4B39BC0DA}.Release|Any CPU.ActiveCfg = Release|Any CPU
		{C56594B3-805A-4BA7-A18A-96C4B39BC0DA}.Release|Any CPU.Build.0 = Release|Any CPU
		{CCAE3DAD-3075-451C-8BCE-B50F3A1B6128}.Debug|Any CPU.ActiveCfg = Debug|Any CPU
		{CCAE3DAD-3075-451C-8BCE-B50F3A1B6128}.Debug|Any CPU.Build.0 = Debug|Any CPU
		{CCAE3DAD-3075-451C-8BCE-B50F3A1B6128}.Release|Any CPU.ActiveCfg = Release|Any CPU
		{CCAE3DAD-3075-451C-8BCE-B50F3A1B6128}.Release|Any CPU.Build.0 = Release|Any CPU
		{E05E465D-3BBD-4708-B00E-8001089DE01B}.Debug|Any CPU.ActiveCfg = Debug|Any CPU
		{E05E465D-3BBD-4708-B00E-8001089DE01B}.Debug|Any CPU.Build.0 = Debug|Any CPU
		{E05E465D-3BBD-4708-B00E-8001089DE01B}.Release|Any CPU.ActiveCfg = Release|Any CPU
		{E05E465D-3BBD-4708-B00E-8001089DE01B}.Release|Any CPU.Build.0 = Release|Any CPU
		{ECB83DD7-A309-47E2-B399-AFE88079DAB2}.Debug|Any CPU.ActiveCfg = Debug|Any CPU
		{ECB83DD7-A309-47E2-B399-AFE88079DAB2}.Debug|Any CPU.Build.0 = Debug|Any CPU
		{ECB83DD7-A309-47E2-B399-AFE88079DAB2}.Release|Any CPU.ActiveCfg = Release|Any CPU
		{ECB83DD7-A309-47E2-B399-AFE88079DAB2}.Release|Any CPU.Build.0 = Release|Any CPU
		{FEDB7C88-DAC3-43CA-B798-5D7533952408}.Debug|Any CPU.ActiveCfg = Debug|Any CPU
		{FEDB7C88-DAC3-43CA-B798-5D7533952408}.Debug|Any CPU.Build.0 = Debug|Any CPU
		{FEDB7C88-DAC3-43CA-B798-5D7533952408}.Release|Any CPU.ActiveCfg = Release|Any CPU
		{FEDB7C88-DAC3-43CA-B798-5D7533952408}.Release|Any CPU.Build.0 = Release|Any CPU
	EndGlobalSection
	GlobalSection(MonoDevelopProperties) = preSolution
		Policies = $0
		$0.DotNetNamingPolicy = $1
		$1.DirectoryNamespaceAssociation = None
		$1.ResourceNamePolicy = FileFormatDefault
		$0.StandardHeader = $2
		$2.Text = @         __  __                                     _   \n        |  \\/  |                                   | |  \n        | \\  / | _   _  ___   __ _     _ __    ___ | |_ \n        | |\\/| || | | |/ __| / _` |   | '_ \\  / _ \\| __|\n        | |  | || |_| |\\__ \\| (_| | _ | | | ||  __/| |_ \n        |_|  |_| \\__,_||___/ \\__,_|(_)|_| |_| \\___| \\__|\n\n ${FileName}\n \n Author:\n      ${AuthorName} <${AuthorEmail}>\n \n Copyright (c) ${Year} ${CopyrightHolder}\n\n This program is free software: you can redistribute it and/or modify\n it under the terms of the GNU Lesser General Public License as published by\n the Free Software Foundation, either version 3 of the License, or\n (at your option) any later version.\n\n This program is distributed in the hope that it will be useful,\n but WITHOUT ANY WARRANTY; without even the implied warranty of\n MERCHANTABILITY or FITNESS FOR A PARTICULAR PURPOSE.  See the\n GNU Lesser General Public License for more details.\n\n You should have received a copy of the GNU Lesser General Public License\n along with this program.  If not, see <http://www.gnu.org/licenses/>.
		$2.IncludeInNewFiles = True
	EndGlobalSection
	GlobalSection(SolutionProperties) = preSolution
		HideSolutionNode = FALSE
	EndGlobalSection
EndGlobal
